
Microsoft Visual Studio Solution File, Format Version 12.00
# Visual Studio Version 17
VisualStudioVersion = 17.8.34330.188
MinimumVisualStudioVersion = 10.0.40219.1
Project("{FAE04EC0-301F-11D3-BF4B-00C04F79EFBC}") = "TestApp.Android", "TestApp\TestApp.Android\TestApp.Android.csproj", "{4D4B05B0-5740-430A-91B5-B5E199F1D322}"
EndProject
Project("{FAE04EC0-301F-11D3-BF4B-00C04F79EFBC}") = "TestApp.iOS", "TestApp\TestApp.iOS\TestApp.iOS.csproj", "{D0D24D56-8DF2-41AB-9BBB-9A4DD084C3B1}"
EndProject
Project("{FAE04EC0-301F-11D3-BF4B-00C04F79EFBC}") = "TestApp", "TestApp\TestApp\TestApp.csproj", "{2796456A-B311-4415-AA0B-39E9EB875DD2}"
EndProject
Global
	GlobalSection(SolutionConfigurationPlatforms) = preSolution
		Debug|Any CPU = Debug|Any CPU
		Debug|iPhone = Debug|iPhone
		Debug|iPhoneSimulator = Debug|iPhoneSimulator
		Release|Any CPU = Release|Any CPU
		Release|iPhone = Release|iPhone
		Release|iPhoneSimulator = Release|iPhoneSimulator
	EndGlobalSection
	GlobalSection(ProjectConfigurationPlatforms) = postSolution
		{4D4B05B0-5740-430A-91B5-B5E199F1D322}.Debug|Any CPU.ActiveCfg = Debug|Any CPU
		{4D4B05B0-5740-430A-91B5-B5E199F1D322}.Debug|Any CPU.Build.0 = Debug|Any CPU
		{4D4B05B0-5740-430A-91B5-B5E199F1D322}.Debug|Any CPU.Deploy.0 = Debug|Any CPU
		{4D4B05B0-5740-430A-91B5-B5E199F1D322}.Debug|iPhone.ActiveCfg = Debug|Any CPU
		{4D4B05B0-5740-430A-91B5-B5E199F1D322}.Debug|iPhone.Build.0 = Debug|Any CPU
		{4D4B05B0-5740-430A-91B5-B5E199F1D322}.Debug|iPhone.Deploy.0 = Debug|Any CPU
		{4D4B05B0-5740-430A-91B5-B5E199F1D322}.Debug|iPhoneSimulator.ActiveCfg = Debug|Any CPU
		{4D4B05B0-5740-430A-91B5-B5E199F1D322}.Debug|iPhoneSimulator.Build.0 = Debug|Any CPU
		{4D4B05B0-5740-430A-91B5-B5E199F1D322}.Debug|iPhoneSimulator.Deploy.0 = Debug|Any CPU
		{4D4B05B0-5740-430A-91B5-B5E199F1D322}.Release|Any CPU.ActiveCfg = Release|Any CPU
		{4D4B05B0-5740-430A-91B5-B5E199F1D322}.Release|Any CPU.Build.0 = Release|Any CPU
		{4D4B05B0-5740-430A-91B5-B5E199F1D322}.Release|Any CPU.Deploy.0 = Release|Any CPU
		{4D4B05B0-5740-430A-91B5-B5E199F1D322}.Release|iPhone.ActiveCfg = Release|Any CPU
		{4D4B05B0-5740-430A-91B5-B5E199F1D322}.Release|iPhone.Build.0 = Release|Any CPU
		{4D4B05B0-5740-430A-91B5-B5E199F1D322}.Release|iPhone.Deploy.0 = Release|Any CPU
		{4D4B05B0-5740-430A-91B5-B5E199F1D322}.Release|iPhoneSimulator.ActiveCfg = Release|Any CPU
		{4D4B05B0-5740-430A-91B5-B5E199F1D322}.Release|iPhoneSimulator.Build.0 = Release|Any CPU
		{4D4B05B0-5740-430A-91B5-B5E199F1D322}.Release|iPhoneSimulator.Deploy.0 = Release|Any CPU
		{D0D24D56-8DF2-41AB-9BBB-9A4DD084C3B1}.Debug|Any CPU.ActiveCfg = Debug|iPhone
		{D0D24D56-8DF2-41AB-9BBB-9A4DD084C3B1}.Debug|Any CPU.Build.0 = Debug|iPhone
		{D0D24D56-8DF2-41AB-9BBB-9A4DD084C3B1}.Debug|Any CPU.Deploy.0 = Debug|iPhone
		{D0D24D56-8DF2-41AB-9BBB-9A4DD084C3B1}.Debug|iPhone.ActiveCfg = Debug|iPhone
		{D0D24D56-8DF2-41AB-9BBB-9A4DD084C3B1}.Debug|iPhone.Build.0 = Debug|iPhone
		{D0D24D56-8DF2-41AB-9BBB-9A4DD084C3B1}.Debug|iPhone.Deploy.0 = Debug|iPhone
		{D0D24D56-8DF2-41AB-9BBB-9A4DD084C3B1}.Debug|iPhoneSimulator.ActiveCfg = Debug|iPhoneSimulator
		{D0D24D56-8DF2-41AB-9BBB-9A4DD084C3B1}.Debug|iPhoneSimulator.Build.0 = Debug|iPhoneSimulator
		{D0D24D56-8DF2-41AB-9BBB-9A4DD084C3B1}.Debug|iPhoneSimulator.Deploy.0 = Debug|iPhoneSimulator
		{D0D24D56-8DF2-41AB-9BBB-9A4DD084C3B1}.Release|Any CPU.ActiveCfg = Release|iPhoneSimulator
		{D0D24D56-8DF2-41AB-9BBB-9A4DD084C3B1}.Release|Any CPU.Build.0 = Release|iPhoneSimulator
		{D0D24D56-8DF2-41AB-9BBB-9A4DD084C3B1}.Release|Any CPU.Deploy.0 = Release|iPhoneSimulator
		{D0D24D56-8DF2-41AB-9BBB-9A4DD084C3B1}.Release|iPhone.ActiveCfg = Release|iPhone
		{D0D24D56-8DF2-41AB-9BBB-9A4DD084C3B1}.Release|iPhone.Build.0 = Release|iPhone
		{D0D24D56-8DF2-41AB-9BBB-9A4DD084C3B1}.Release|iPhone.Deploy.0 = Release|iPhone
		{D0D24D56-8DF2-41AB-9BBB-9A4DD084C3B1}.Release|iPhoneSimulator.ActiveCfg = Release|iPhoneSimulator
		{D0D24D56-8DF2-41AB-9BBB-9A4DD084C3B1}.Release|iPhoneSimulator.Build.0 = Release|iPhoneSimulator
		{D0D24D56-8DF2-41AB-9BBB-9A4DD084C3B1}.Release|iPhoneSimulator.Deploy.0 = Release|iPhoneSimulator
		{2796456A-B311-4415-AA0B-39E9EB875DD2}.Debug|Any CPU.ActiveCfg = Debug|Any CPU
		{2796456A-B311-4415-AA0B-39E9EB875DD2}.Debug|Any CPU.Build.0 = Debug|Any CPU
		{2796456A-B311-4415-AA0B-39E9EB875DD2}.Debug|Any CPU.Deploy.0 = Debug|Any CPU
		{2796456A-B311-4415-AA0B-39E9EB875DD2}.Debug|iPhone.ActiveCfg = Debug|Any CPU
		{2796456A-B311-4415-AA0B-39E9EB875DD2}.Debug|iPhone.Build.0 = Debug|Any CPU
		{2796456A-B311-4415-AA0B-39E9EB875DD2}.Debug|iPhone.Deploy.0 = Debug|Any CPU
		{2796456A-B311-4415-AA0B-39E9EB875DD2}.Debug|iPhoneSimulator.ActiveCfg = Debug|Any CPU
		{2796456A-B311-4415-AA0B-39E9EB875DD2}.Debug|iPhoneSimulator.Build.0 = Debug|Any CPU
		{2796456A-B311-4415-AA0B-39E9EB875DD2}.Debug|iPhoneSimulator.Deploy.0 = Debug|Any CPU
		{2796456A-B311-4415-AA0B-39E9EB875DD2}.Release|Any CPU.ActiveCfg = Release|Any CPU
		{2796456A-B311-4415-AA0B-39E9EB875DD2}.Release|Any CPU.Build.0 = Release|Any CPU
		{2796456A-B311-4415-AA0B-39E9EB875DD2}.Release|Any CPU.Deploy.0 = Release|Any CPU
		{2796456A-B311-4415-AA0B-39E9EB875DD2}.Release|iPhone.ActiveCfg = Release|Any CPU
		{2796456A-B311-4415-AA0B-39E9EB875DD2}.Release|iPhone.Build.0 = Release|Any CPU
		{2796456A-B311-4415-AA0B-39E9EB875DD2}.Release|iPhone.Deploy.0 = Release|Any CPU
		{2796456A-B311-4415-AA0B-39E9EB875DD2}.Release|iPhoneSimulator.ActiveCfg = Release|Any CPU
		{2796456A-B311-4415-AA0B-39E9EB875DD2}.Release|iPhoneSimulator.Build.0 = Release|Any CPU
		{2796456A-B311-4415-AA0B-39E9EB875DD2}.Release|iPhoneSimulator.Deploy.0 = Release|Any CPU
	EndGlobalSection
	GlobalSection(SolutionProperties) = preSolution
		HideSolutionNode = FALSE
	EndGlobalSection
	GlobalSection(ExtensibilityGlobals) = postSolution
		SolutionGuid = {8BDB4D42-3F99-4BAB-9B0A-F834CF3141AD}
	EndGlobalSection
EndGlobal
